<?xml version="1.0" encoding="utf-8"?>
<Project ToolsVersion="4.0" xmlns="http://schemas.microsoft.com/developer/msbuild/2003">
  <ItemGroup>
    <Filter Include="소스 파일">
      <UniqueIdentifier>{4FC737F1-C7A5-4376-A066-2A32D752A2FF}</UniqueIdentifier>
      <Extensions>cpp;c;cc;cxx;def;odl;idl;hpj;bat;asm;asmx</Extensions>
    </Filter>
    <Filter Include="헤더 파일">
      <UniqueIdentifier>{93995380-89BD-4b04-88EB-625FBE52EBFB}</UniqueIdentifier>
      <Extensions>h;hh;hpp;hxx;hm;inl;inc;ipp;xsd</Extensions>
    </Filter>
    <Filter Include="리소스 파일">
      <UniqueIdentifier>{67DA6AB6-F800-4c08-8B7A-83BB121AAD01}</UniqueIdentifier>
      <Extensions>rc;ico;cur;bmp;dlg;rc2;rct;bin;rgs;gif;jpg;jpeg;jpe;resx;tiff;tif;png;wav;mfcribbon-ms</Extensions>
    </Filter>
    <Filter Include="소스 파일\2019 카카오 겨울인턴십">
      <UniqueIdentifier>{d08ba64c-ffef-4a15-8e8b-fdccf4f6a658}</UniqueIdentifier>
    </Filter>
    <Filter Include="소스 파일\알고리즘">
      <UniqueIdentifier>{2965d6e4-283d-4a14-a834-c7f7855ec0ab}</UniqueIdentifier>
    </Filter>
  </ItemGroup>
  <ItemGroup>
    <ClCompile Include="2557.cpp">
      <Filter>소스 파일</Filter>
    </ClCompile>
    <ClCompile Include="1712 (손익분기점).cpp">
      <Filter>소스 파일</Filter>
    </ClCompile>
    <ClCompile Include="2798 (블랙잭).cpp">
      <Filter>소스 파일</Filter>
    </ClCompile>
    <ClCompile Include="10872 (팩토리얼).cpp">
      <Filter>소스 파일</Filter>
    </ClCompile>
    <ClCompile Include="2750 (오름차순정렬) .cpp">
      <Filter>소스 파일</Filter>
    </ClCompile>
    <ClCompile Include="2751 (오름차순정렬_ sort함수사용) .cpp">
      <Filter>소스 파일</Filter>
    </ClCompile>
    <ClCompile Include="14710 (고장난시계) .cpp">
      <Filter>소스 파일</Filter>
    </ClCompile>
    <ClCompile Include="1330 (두 수 비교) .cpp">
      <Filter>소스 파일</Filter>
    </ClCompile>
    <ClCompile Include="14681 (사분면고르기).cpp">
      <Filter>소스 파일</Filter>
    </ClCompile>
    <ClCompile Include="2739 (구구단).cpp">
      <Filter>소스 파일</Filter>
    </ClCompile>
    <ClCompile Include="10818 (최소,최대).cpp">
      <Filter>소스 파일</Filter>
    </ClCompile>
    <ClCompile Include="10952 (A+B -5).cpp">
      <Filter>소스 파일</Filter>
    </ClCompile>
    <ClCompile Include="1003 (피보나치).cpp">
      <Filter>소스 파일</Filter>
    </ClCompile>
    <ClCompile Include="2884(알람시계).cpp">
      <Filter>소스 파일</Filter>
    </ClCompile>
    <ClCompile Include="1010(다리놓기).cpp">
      <Filter>소스 파일</Filter>
    </ClCompile>
    <ClCompile Include="15596 (정수 N개의 합).cpp">
      <Filter>소스 파일</Filter>
    </ClCompile>
    <ClCompile Include="3009(네번째 점).cpp">
      <Filter>소스 파일</Filter>
    </ClCompile>
    <ClCompile Include="11047(동전 0).cpp">
      <Filter>소스 파일</Filter>
    </ClCompile>
    <ClCompile Include="5086(배수와약수).cpp">
      <Filter>소스 파일</Filter>
    </ClCompile>
    <ClCompile Include="10773(제로).cpp">
      <Filter>소스 파일</Filter>
    </ClCompile>
    <ClCompile Include="10828 %28스택%29.cpp">
      <Filter>소스 파일</Filter>
    </ClCompile>
    <ClCompile Include="18406 %28럭키 스트레이트%29.cpp">
      <Filter>소스 파일</Filter>
    </ClCompile>
    <ClCompile Include="9012(괄호).cpp">
      <Filter>소스 파일</Filter>
    </ClCompile>
    <ClCompile Include="4949(균형잡힌 세상).cpp">
      <Filter>소스 파일</Filter>
    </ClCompile>
    <ClCompile Include="7568(덩치).cpp">
      <Filter>소스 파일</Filter>
    </ClCompile>
    <ClCompile Include="11399 (ATM).cpp">
      <Filter>소스 파일</Filter>
    </ClCompile>
    <ClCompile Include="1541(잃어버린 괄호).cpp">
      <Filter>소스 파일</Filter>
    </ClCompile>
    <ClCompile Include="1138%28한 줄로 서기%29.cpp">
      <Filter>소스 파일</Filter>
    </ClCompile>
    <ClCompile Include="1931%28회의실배정, algorithm utility%28pair%29 사용%29.cpp">
      <Filter>소스 파일</Filter>
    </ClCompile>
    <ClCompile Include="2748(피보나치 수2).cpp">
      <Filter>소스 파일</Filter>
    </ClCompile>
    <ClCompile Include="10817 (세 수).cpp">
      <Filter>소스 파일</Filter>
    </ClCompile>
    <ClCompile Include="9498 (시험 성적).cpp">
      <Filter>소스 파일</Filter>
    </ClCompile>
    <ClCompile Include="1427(소트인사이드) .cpp">
      <Filter>소스 파일</Filter>
    </ClCompile>
    <ClCompile Include="8393(합).cpp">
      <Filter>소스 파일</Filter>
    </ClCompile>
    <ClCompile Include="11650 (좌표 정렬하기).cpp">
      <Filter>소스 파일</Filter>
    </ClCompile>
    <ClCompile Include="10998 (AxB).cpp">
      <Filter>소스 파일</Filter>
    </ClCompile>
    <ClCompile Include="15650 %28N과M 2%29.cpp">
      <Filter>소스 파일</Filter>
    </ClCompile>
    <ClCompile Include="15652 %28N과M 4%29.cpp">
      <Filter>소스 파일</Filter>
    </ClCompile>
    <ClCompile Include="15651 %28N과M 3%29.cpp">
      <Filter>소스 파일</Filter>
    </ClCompile>
    <ClCompile Include="15649 %28N과M 1%29.cpp">
      <Filter>소스 파일</Filter>
    </ClCompile>
    <ClCompile Include="11651(좌표 정렬하기2).cpp">
      <Filter>소스 파일</Filter>
    </ClCompile>
    <ClCompile Include="1181(단어정렬).cpp">
      <Filter>소스 파일</Filter>
    </ClCompile>
    <ClCompile Include="2741 (N찍기).cpp">
      <Filter>소스 파일</Filter>
    </ClCompile>
    <ClCompile Include="10950(A+B -3).cpp">
      <Filter>소스 파일</Filter>
    </ClCompile>
    <ClCompile Include="10039(평균 점수).cpp">
      <Filter>소스 파일</Filter>
    </ClCompile>
    <ClCompile Include="2475(검증수).cpp">
      <Filter>소스 파일</Filter>
    </ClCompile>
    <ClCompile Include="4153(직각삼각형).cpp">
      <Filter>소스 파일</Filter>
    </ClCompile>
    <ClCompile Include="1463%281로 만들기%29.cpp">
      <Filter>소스 파일</Filter>
    </ClCompile>
    <ClCompile Include="11726(2xn 타일링).cpp">
      <Filter>소스 파일</Filter>
    </ClCompile>
    <ClCompile Include="9095(1,2,3더하기).cpp">
      <Filter>소스 파일</Filter>
    </ClCompile>
    <ClCompile Include="2579%28계단오르기%29.cpp">
      <Filter>소스 파일</Filter>
    </ClCompile>
    <ClCompile Include="9461(파도반수열).cpp">
      <Filter>소스 파일</Filter>
    </ClCompile>
    <ClCompile Include="1764%28듣보잡%29.cpp">
      <Filter>소스 파일</Filter>
    </ClCompile>
    <ClCompile Include="1152(단어의 개수).cpp">
      <Filter>소스 파일</Filter>
    </ClCompile>
    <ClCompile Include="2675(문자열반복).cpp">
      <Filter>소스 파일</Filter>
    </ClCompile>
    <ClCompile Include="크레인 인형뽑기.cpp">
      <Filter>소스 파일\2019 카카오 겨울인턴십</Filter>
    </ClCompile>
    <ClCompile Include="1085(직사각형에서 탈출).cpp">
      <Filter>소스 파일</Filter>
    </ClCompile>
    <ClCompile Include="10250(ACM호텔).cpp">
      <Filter>소스 파일</Filter>
    </ClCompile>
    <ClCompile Include="1259(팰린드롬수).cpp">
      <Filter>소스 파일</Filter>
    </ClCompile>
    <ClCompile Include="11050(이항계수).cpp">
      <Filter>소스 파일</Filter>
    </ClCompile>
    <ClCompile Include="1018%28체스판 다시 칠하기,미완%29.cpp">
      <Filter>소스 파일</Filter>
    </ClCompile>
    <ClCompile Include="10814(나이순정렬).cpp">
      <Filter>소스 파일</Filter>
    </ClCompile>
    <ClCompile Include="2775(부녀회장이 될테야).cpp">
      <Filter>소스 파일</Filter>
    </ClCompile>
    <ClCompile Include="1546(평균).cpp">
      <Filter>소스 파일</Filter>
    </ClCompile>
    <ClCompile Include="8958(OX퀴즈).cpp">
      <Filter>소스 파일</Filter>
    </ClCompile>
    <ClCompile Include="2562(최댓값).cpp">
      <Filter>소스 파일</Filter>
    </ClCompile>
    <ClCompile Include="4344(평균은 넘겠지).cpp">
      <Filter>소스 파일</Filter>
    </ClCompile>
    <ClCompile Include="11720(숫자의합).cpp">
      <Filter>소스 파일</Filter>
    </ClCompile>
    <ClCompile Include="1038%28감소하는 수 ,미완%29.cpp">
      <Filter>소스 파일</Filter>
    </ClCompile>
    <ClCompile Include="18258%28큐2%29.cpp">
      <Filter>소스 파일</Filter>
    </ClCompile>
    <ClCompile Include="2164(카드2).cpp">
      <Filter>소스 파일</Filter>
    </ClCompile>
    <ClCompile Include="11866(요세푸스 문제 0).cpp">
      <Filter>소스 파일</Filter>
    </ClCompile>
    <ClCompile Include="10866(덱).cpp">
      <Filter>소스 파일</Filter>
    </ClCompile>
    <ClCompile Include="1920(수 찾기).cpp">
      <Filter>소스 파일</Filter>
    </ClCompile>
    <ClCompile Include="1300(k번째수 ,미완).cpp">
      <Filter>소스 파일</Filter>
    </ClCompile>
    <ClCompile Include="3052(나머지).cpp">
      <Filter>소스 파일</Filter>
    </ClCompile>
    <ClCompile Include="2577(숫자의 개수).cpp">
      <Filter>소스 파일</Filter>
    </ClCompile>
    <ClCompile Include="10809(알파벳 찾기).cpp">
      <Filter>소스 파일</Filter>
    </ClCompile>
    <ClCompile Include="이분탐색.cpp">
      <Filter>소스 파일\알고리즘</Filter>
    </ClCompile>
    <ClCompile Include="5597(과제 안내신분).cpp">
      <Filter>소스 파일</Filter>
    </ClCompile>
    <ClCompile Include="2563(색종이).cpp">
      <Filter>소스 파일</Filter>
    </ClCompile>
    <ClCompile Include="1748(수 이어 쓰기).cpp">
      <Filter>소스 파일</Filter>
    </ClCompile>
    <ClCompile Include="1789(수들의합).cpp">
      <Filter>소스 파일</Filter>
    </ClCompile>
    <ClCompile Include="1756%28피자굽기,pop구현 미완%29.cpp">
      <Filter>소스 파일</Filter>
    </ClCompile>
    <ClCompile Include="1756%28피자굽기%29.cpp">
      <Filter>소스 파일</Filter>
    </ClCompile>
    <ClCompile Include="2869(달팽이는 올라가고 싶다).cpp">
      <Filter>소스 파일</Filter>
    </ClCompile>
    <ClCompile Include="1149%28RGB거리%29.cpp">
      <Filter>소스 파일</Filter>
    </ClCompile>
    <ClCompile Include="10989 %28수 정렬하기3%29 .cpp">
      <Filter>소스 파일</Filter>
    </ClCompile>
    <ClCompile Include="11727(2xn타일링 2).cpp">
      <Filter>소스 파일</Filter>
    </ClCompile>
    <ClCompile Include="10816(숫자 카드2).cpp">
      <Filter>소스 파일</Filter>
    </ClCompile>
    <ClCompile Include="10815(숫자카드).cpp">
      <Filter>소스 파일</Filter>
    </ClCompile>
    <ClCompile Include="1654%28랜선 자르기%29.cpp">
      <Filter>소스 파일</Filter>
    </ClCompile>
    <ClCompile Include="2805(나무자르기).cpp">
      <Filter>소스 파일</Filter>
    </ClCompile>
    <ClCompile Include="2512 %28예산%29.cpp">
      <Filter>소스 파일</Filter>
    </ClCompile>
    <ClCompile Include="1620(나는야 포켓몬 마스터 이다솜).cpp">
      <Filter>소스 파일</Filter>
    </ClCompile>
    <ClCompile Include="2343%28기타레슨, X%29.cpp">
      <Filter>소스 파일</Filter>
    </ClCompile>
    <ClCompile Include="1431(시리얼 번호).cpp">
      <Filter>소스 파일</Filter>
    </ClCompile>
    <ClCompile Include="11279(최대 힙).cpp">
      <Filter>소스 파일</Filter>
    </ClCompile>
    <ClCompile Include="1927(최소힙).cpp">
      <Filter>소스 파일</Filter>
    </ClCompile>
    <ClCompile Include="11286(절대값 힙).cpp">
      <Filter>소스 파일</Filter>
    </ClCompile>
    <ClCompile Include="1715(카드 정렬하기).cpp">
      <Filter>소스 파일</Filter>
    </ClCompile>
    <ClCompile Include="10845(큐).cpp">
      <Filter>소스 파일</Filter>
    </ClCompile>
    <ClCompile Include="1655%28가운데를 말해요, X%29.cpp">
      <Filter>소스 파일</Filter>
    </ClCompile>
    <ClCompile Include="1766%28문제집,X%29.cpp">
      <Filter>소스 파일</Filter>
    </ClCompile>
    <ClCompile Include="2075(N번째 큰수).cpp">
      <Filter>소스 파일</Filter>
    </ClCompile>
    <ClCompile Include="17219(비밀번호 찾기).cpp">
      <Filter>소스 파일</Filter>
    </ClCompile>
    <ClCompile Include="9375%28패션왕 신해빈,X%29.cpp">
      <Filter>소스 파일</Filter>
    </ClCompile>
    <ClCompile Include="2847.cpp">
      <Filter>소스 파일</Filter>
    </ClCompile>
    <ClCompile Include="2193(이친수).cpp">
      <Filter>소스 파일</Filter>
    </ClCompile>
    <ClCompile Include="1912(연속합).cpp">
      <Filter>소스 파일</Filter>
    </ClCompile>
  </ItemGroup>
</Project>